{
  "name": "bsv-no-wallet",
  "version": "1.0.0",
  "lockfileVersion": 3,
  "requires": true,
  "packages": {
    "": {
      "name": "bsv-no-wallet",
      "version": "1.0.0",
      "license": "MIT",
      "dependencies": {
        "@bsv/sdk": "^2.1.7"
      },
      "engines": {
        "node": ">=18"
      }
    },
    "node_modules/@bsv/sdk": {
      "version": "2.1.7",
      "resolved": "https://registry.npmjs.org/@bsv/sdk/-/sdk-2.1.7.tgz",
      "integrity": "sha512-wPoKLD5d7bkHMp8e+vqyCYXMsyBawZvK7mp87UMaopzyjGIOfEh+7g8FxyGlOov07kNl14jF8F/vSLID10zBuw==",
      "license": "SEE LICENSE IN LICENSE.txt"
    }
  }
}
